{
  "format_version": "1.0",
  "provider_schemas": {
    "registry.terraform.io/opsgenie/opsgenie": {
      "provider": {
        "version": 0,
        "block": {
          "attributes": {
            "api_key": {
              "type": "string",
              "description_kind": "plain",
              "required": true
            },
            "api_url": {
              "type": "string",
              "description_kind": "plain",
              "optional": true
            }
          },
          "description_kind": "plain"
        }
      },
      "resource_schemas": {
        "opsgenie_alert_policy": {
          "version": 0,
          "block": {
            "attributes": {
              "actions": {
                "type": ["set", "string"],
                "description_kind": "plain",
                "optional": true
              },
              "alert_description": {
                "type": "string",
                "description_kind": "plain",
                "optional": true
              },
              "alias": {
                "type": "string",
                "description_kind": "plain",
                "optional": true
              },
              "continue_policy": {
                "type": "bool",
                "description_kind": "plain",
                "optional": true
              },
              "enabled": {
                "type": "bool",
                "description_kind": "plain",
                "optional": true
              },
              "entity": {
                "type": "string",
                "description_kind": "plain",
                "optional": true
              },
              "id": {
                "type": "string",
                "description_kind": "plain",
                "optional": true,
                "computed": true
              },
              "ignore_original_actions": {
                "type": "bool",
                "description_kind": "plain",
                "optional": true
              },
              "ignore_original_details": {
                "type": "bool",
                "description_kind": "plain",
                "optional": true
              },
              "ignore_original_responders": {
                "type": "bool",
                "description_kind": "plain",
                "optional": true
              },
              "ignore_original_tags": {
                "type": "bool",
                "description_kind": "plain",
                "optional": true
              },
              "message": {
                "type": "string",
                "description_kind": "plain",
                "required": true
              },
              "name": {
                "type": "string",
                "description_kind": "plain",
                "required": true
              },
              "policy_description": {
                "type": "string",
                "description_kind": "plain",
                "optional": true
              },
              "priority": {
                "type": "string",
                "description_kind": "plain",
                "optional": true
              },
              "source": {
                "type": "string",
                "description_kind": "plain",
                "optional": true
              },
              "tags": {
                "type": ["set", "string"],
                "description_kind": "plain",
                "optional": true
              },
              "team_id": {
                "type": "string",
                "description_kind": "plain",
                "optional": true
              }
            },
            "block_types": {
              "filter": {
                "nesting_mode": "list",
                "block": {
                  "attributes": {
                    "type": {
                      "type": "string",
                      "description_kind": "plain",
                      "optional": true
                    }
                  },
                  "block_types": {
                    "conditions": {
                      "nesting_mode": "list",
                      "block": {
                        "attributes": {
                          "expected_value": {
                            "type": "string",
                            "description": "User defined value that will be compared with alert field according to the operation. Default value is empty string",
                            "description_kind": "plain",
                            "optional": true
                          },
                          "field": {
                            "type": "string",
                            "description_kind": "plain",
                            "required": true
                          },
                          "key": {
                            "type": "string",
                            "description": "If 'field' is set as 'extra-properties', key could be used for key-value pair",
                            "description_kind": "plain",
                            "optional": true
                          },
                          "not": {
                            "type": "bool",
                            "description": "Indicates behaviour of the given operation. Default value is false",
                            "description_kind": "plain",
                            "optional": true
                          },
                          "operation": {
                            "type": "string",
                            "description_kind": "plain",
                            "required": true
                          },
                          "order": {
                            "type": "number",
                            "description": "Order of the condition in conditions list",
                            "description_kind": "plain",
                            "optional": true
                          }
                        },
                        "description_kind": "plain"
                      }
                    }
                  },
                  "description_kind": "plain"
                }
              },
              "responders": {
                "nesting_mode": "list",
                "block": {
                  "attributes": {
                    "id": {
                      "type": "string",
                      "description_kind": "plain",
                      "required": true
                    },
                    "name": {
                      "type": "string",
                      "description_kind": "plain",
                      "optional": true
                    },
                    "type": {
                      "type": "string",
                      "description_kind": "plain",
                      "required": true
                    },
                    "username": {
                      "type": "string",
                      "description_kind": "plain",
                      "optional": true
                    }
                  },
                  "description_kind": "plain"
                }
              },
              "time_restriction": {
                "nesting_mode": "list",
                "block": {
                  "attributes": {
                    "type": {
                      "type": "string",
                      "description_kind": "plain",
                      "required": true
                    }
                  },
                  "block_types": {
                    "restriction": {
                      "nesting_mode": "list",
                      "block": {
                        "attributes": {
                          "end_hour": {
                            "type": "number",
                            "description_kind": "plain",
                            "required": true
                          },
                          "end_min": {
                            "type": "number",
                            "description_kind": "plain",
                            "required": true
                          },
                          "start_hour": {
                            "type": "number",
                            "description_kind": "plain",
                            "required": true
                          },
                          "start_min": {
                            "type": "number",
                            "description_kind": "plain",
                            "required": true
                          }
                        },
                        "description_kind": "plain"
                      }
                    },
                    "restrictions": {
                      "nesting_mode": "list",
                      "block": {
                        "attributes": {
                          "end_day": {
                            "type": "string",
                            "description_kind": "plain",
                            "required": true
                          },
                          "end_hour": {
                            "type": "number",
                            "description_kind": "plain",
                            "required": true
                          },
                          "end_min": {
                            "type": "number",
                            "description_kind": "plain",
                            "required": true
                          },
                          "start_day": {
                            "type": "string",
                            "description_kind": "plain",
                            "required": true
                          },
                          "start_hour": {
                            "type": "number",
                            "description_kind": "plain",
                            "required": true
                          },
                          "start_min": {
                            "type": "number",
                            "description_kind": "plain",
                            "required": true
                          }
                        },
                        "description_kind": "plain"
                      }
                    }
                  },
                  "description_kind": "plain"
                }
              }
            },
            "description_kind": "plain"
          }
        },
        "opsgenie_api_integration": {
          "version": 0,
          "block": {
            "attributes": {
              "allow_write_access": {
                "type": "bool",
                "description_kind": "plain",
                "optional": true
              },
              "api_key": {
                "type": "string",
                "description_kind": "plain",
                "computed": true,
                "sensitive": true
              },
              "enabled": {
                "type": "bool",
                "description_kind": "plain",
                "optional": true
              },
              "headers": {
                "type": ["map", "string"],
                "description_kind": "plain",
                "optional": true
              },
              "id": {
                "type": "string",
                "description_kind": "plain",
                "optional": true,
                "computed": true
              },
              "ignore_responders_from_payload": {
                "type": "bool",
                "description_kind": "plain",
                "optional": true
              },
              "name": {
                "type": "string",
                "description_kind": "plain",
                "required": true
              },
              "owner_team_id": {
                "type": "string",
                "description_kind": "plain",
                "optional": true
              },
              "suppress_notifications": {
                "type": "bool",
                "description_kind": "plain",
                "optional": true
              },
              "type": {
                "type": "string",
                "description_kind": "plain",
                "optional": true
              },
              "webhook_url": {
                "type": "string",
                "description_kind": "plain",
                "optional": true
              }
            },
            "block_types": {
              "responders": {
                "nesting_mode": "list",
                "block": {
                  "attributes": {
                    "id": {
                      "type": "string",
                      "description_kind": "plain",
                      "optional": true
                    },
                    "type": {
                      "type": "string",
                      "description_kind": "plain",
                      "optional": true
                    }
                  },
                  "description_kind": "plain"
                }
              }
            },
            "description_kind": "plain"
          }
        },
        "opsgenie_custom_role": {
          "version": 0,
          "block": {
            "attributes": {
              "disallowed_rights": {
                "type": ["set", "string"],
                "description_kind": "plain",
                "optional": true
              },
              "extended_role": {
                "type": "string",
                "description_kind": "plain",
                "optional": true
              },
              "granted_rights": {
                "type": ["set", "string"],
                "description_kind": "plain",
                "optional": true
              },
              "id": {
                "type": "string",
                "description_kind": "plain",
                "optional": true,
                "computed": true
              },
              "role_name": {
                "type": "string",
                "description_kind": "plain",
                "required": true
              }
            },
            "description_kind": "plain"
          }
        },
        "opsgenie_email_integration": {
          "version": 0,
          "block": {
            "attributes": {
              "email_username": {
                "type": "string",
                "description_kind": "plain",
                "required": true
              },
              "enabled": {
                "type": "bool",
                "description_kind": "plain",
                "optional": true
              },
              "id": {
                "type": "string",
                "description_kind": "plain",
                "optional": true,
                "computed": true
              },
              "ignore_responders_from_payload": {
                "type": "bool",
                "description_kind": "plain",
                "optional": true
              },
              "name": {
                "type": "string",
                "description_kind": "plain",
                "required": true
              },
              "owner_team_id": {
                "type": "string",
                "description_kind": "plain",
                "optional": true
              },
              "suppress_notifications": {
                "type": "bool",
                "description_kind": "plain",
                "optional": true
              }
            },
            "block_types": {
              "responders": {
                "nesting_mode": "list",
                "block": {
                  "attributes": {
                    "id": {
                      "type": "string",
                      "description_kind": "plain",
                      "optional": true
                    },
                    "type": {
                      "type": "string",
                      "description_kind": "plain",
                      "optional": true
                    }
                  },
                  "description_kind": "plain"
                }
              }
            },
            "description_kind": "plain"
          }
        },
        "opsgenie_escalation": {
          "version": 0,
          "block": {
            "attributes": {
              "description": {
                "type": "string",
                "description_kind": "plain",
                "optional": true
              },
              "id": {
                "type": "string",
                "description_kind": "plain",
                "optional": true,
                "computed": true
              },
              "name": {
                "type": "string",
                "description_kind": "plain",
                "required": true
              },
              "owner_team_id": {
                "type": "string",
                "description_kind": "plain",
                "optional": true
              }
            },
            "block_types": {
              "repeat": {
                "nesting_mode": "list",
                "block": {
                  "attributes": {
                    "close_alert_after_all": {
                      "type": "bool",
                      "description_kind": "plain",
                      "optional": true
                    },
                    "count": {
                      "type": "number",
                      "description_kind": "plain",
                      "optional": true
                    },
                    "reset_recipient_states": {
                      "type": "bool",
                      "description_kind": "plain",
                      "optional": true
                    },
                    "wait_interval": {
                      "type": "number",
                      "description_kind": "plain",
                      "optional": true
                    }
                  },
                  "description_kind": "plain"
                }
              },
              "rules": {
                "nesting_mode": "list",
                "block": {
                  "attributes": {
                    "condition": {
                      "type": "string",
                      "description_kind": "plain",
                      "required": true
                    },
                    "delay": {
                      "type": "number",
                      "description_kind": "plain",
                      "required": true
                    },
                    "notify_type": {
                      "type": "string",
                      "description_kind": "plain",
                      "required": true
                    }
                  },
                  "block_types": {
                    "recipient": {
                      "nesting_mode": "list",
                      "block": {
                        "attributes": {
                          "id": {
                            "type": "string",
                            "description_kind": "plain",
                            "optional": true
                          },
                          "type": {
                            "type": "string",
                            "description_kind": "plain",
                            "optional": true
                          }
                        },
                        "description_kind": "plain"
                      },
                      "min_items": 1
                    }
                  },
                  "description_kind": "plain"
                },
                "min_items": 1
              }
            },
            "description_kind": "plain"
          }
        },
        "opsgenie_heartbeat": {
          "version": 0,
          "block": {
            "attributes": {
              "alert_message": {
                "type": "string",
                "description_kind": "plain",
                "optional": true
              },
              "alert_priority": {
                "type": "string",
                "description_kind": "plain",
                "optional": true
              },
              "alert_tags": {
                "type": ["set", "string"],
                "description_kind": "plain",
                "optional": true
              },
              "description": {
                "type": "string",
                "description_kind": "plain",
                "optional": true
              },
              "enabled": {
                "type": "bool",
                "description_kind": "plain",
                "required": true
              },
              "id": {
                "type": "string",
                "description_kind": "plain",
                "optional": true,
                "computed": true
              },
              "interval": {
                "type": "number",
                "description_kind": "plain",
                "required": true
              },
              "interval_unit": {
                "type": "string",
                "description_kind": "plain",
                "required": true
              },
              "name": {
                "type": "string",
                "description_kind": "plain",
                "required": true
              },
              "owner_team_id": {
                "type": "string",
                "description_kind": "plain",
                "optional": true
              }
            },
            "description_kind": "plain"
          }
        },
        "opsgenie_incident_template": {
          "version": 0,
          "block": {
            "attributes": {
              "description": {
                "type": "string",
                "description_kind": "plain",
                "optional": true
              },
              "details": {
                "type": ["map", "string"],
                "description_kind": "plain",
                "optional": true
              },
              "id": {
                "type": "string",
                "description_kind": "plain",
                "optional": true,
                "computed": true
              },
              "impacted_services": {
                "type": ["set", "string"],
                "description_kind": "plain",
                "optional": true
              },
              "message": {
                "type": "string",
                "description_kind": "plain",
                "required": true
              },
              "name": {
                "type": "string",
                "description_kind": "plain",
                "required": true
              },
              "priority": {
                "type": "string",
                "description_kind": "plain",
                "required": true
              },
              "tags": {
                "type": ["set", "string"],
                "description_kind": "plain",
                "optional": true
              }
            },
            "block_types": {
              "stakeholder_properties": {
                "nesting_mode": "list",
                "block": {
                  "attributes": {
                    "description": {
                      "type": "string",
                      "description_kind": "plain",
                      "optional": true
                    },
                    "enable": {
                      "type": "bool",
                      "description_kind": "plain",
                      "optional": true
                    },
                    "message": {
                      "type": "string",
                      "description_kind": "plain",
                      "required": true
                    }
                  },
                  "description_kind": "plain"
                },
                "min_items": 1
              }
            },
            "description_kind": "plain"
          }
        },
        "opsgenie_integration_action": {
          "version": 0,
          "block": {
            "attributes": {
              "id": {
                "type": "string",
                "description_kind": "plain",
                "optional": true,
                "computed": true
              },
              "integration_id": {
                "type": "string",
                "description_kind": "plain",
                "required": true
              }
            },
            "block_types": {
              "acknowledge": {
                "nesting_mode": "list",
                "block": {
                  "attributes": {
                    "alias": {
                      "type": "string",
                      "description_kind": "plain",
                      "optional": true
                    },
                    "name": {
                      "type": "string",
                      "description_kind": "plain",
                      "required": true
                    },
                    "note": {
                      "type": "string",
                      "description_kind": "plain",
                      "optional": true
                    },
                    "order": {
                      "type": "number",
                      "description_kind": "plain",
                      "optional": true
                    },
                    "type": {
                      "type": "string",
                      "description_kind": "plain",
                      "optional": true
                    },
                    "user": {
                      "type": "string",
                      "description_kind": "plain",
                      "optional": true
                    }
                  },
                  "block_types": {
                    "filter": {
                      "nesting_mode": "list",
                      "block": {
                        "attributes": {
                          "type": {
                            "type": "string",
                            "description_kind": "plain",
                            "required": true
                          }
                        },
                        "block_types": {
                          "conditions": {
                            "nesting_mode": "list",
                            "block": {
                              "attributes": {
                                "expected_value": {
                                  "type": "string",
                                  "description_kind": "plain",
                                  "optional": true
                                },
                                "field": {
                                  "type": "string",
                                  "description_kind": "plain",
                                  "required": true
                                },
                                "key": {
                                  "type": "string",
                                  "description_kind": "plain",
                                  "optional": true
                                },
                                "not": {
                                  "type": "bool",
                                  "description_kind": "plain",
                                  "optional": true
                                },
                                "operation": {
                                  "type": "string",
                                  "description_kind": "plain",
                                  "required": true
                                },
                                "order": {
                                  "type": "number",
                                  "description_kind": "plain",
                                  "optional": true
                                }
                              },
                              "description_kind": "plain"
                            }
                          }
                        },
                        "description_kind": "plain"
                      }
                    }
                  },
                  "description_kind": "plain"
                }
              },
              "add_note": {
                "nesting_mode": "list",
                "block": {
                  "attributes": {
                    "alias": {
                      "type": "string",
                      "description_kind": "plain",
                      "optional": true
                    },
                    "name": {
                      "type": "string",
                      "description_kind": "plain",
                      "required": true
                    },
                    "note": {
                      "type": "string",
                      "description_kind": "plain",
                      "optional": true
                    },
                    "order": {
                      "type": "number",
                      "description_kind": "plain",
                      "optional": true
                    },
                    "type": {
                      "type": "string",
                      "description_kind": "plain",
                      "optional": true
                    },
                    "user": {
                      "type": "string",
                      "description_kind": "plain",
                      "optional": true
                    }
                  },
                  "block_types": {
                    "filter": {
                      "nesting_mode": "list",
                      "block": {
                        "attributes": {
                          "type": {
                            "type": "string",
                            "description_kind": "plain",
                            "required": true
                          }
                        },
                        "block_types": {
                          "conditions": {
                            "nesting_mode": "list",
                            "block": {
                              "attributes": {
                                "expected_value": {
                                  "type": "string",
                                  "description_kind": "plain",
                                  "optional": true
                                },
                                "field": {
                                  "type": "string",
                                  "description_kind": "plain",
                                  "required": true
                                },
                                "key": {
                                  "type": "string",
                                  "description_kind": "plain",
                                  "optional": true
                                },
                                "not": {
                                  "type": "bool",
                                  "description_kind": "plain",
                                  "optional": true
                                },
                                "operation": {
                                  "type": "string",
                                  "description_kind": "plain",
                                  "required": true
                                },
                                "order": {
                                  "type": "number",
                                  "description_kind": "plain",
                                  "optional": true
                                }
                              },
                              "description_kind": "plain"
                            }
                          }
                        },
                        "description_kind": "plain"
                      }
                    }
                  },
                  "description_kind": "plain"
                }
              },
              "close": {
                "nesting_mode": "list",
                "block": {
                  "attributes": {
                    "alias": {
                      "type": "string",
                      "description_kind": "plain",
                      "optional": true
                    },
                    "name": {
                      "type": "string",
                      "description_kind": "plain",
                      "required": true
                    },
                    "note": {
                      "type": "string",
                      "description_kind": "plain",
                      "optional": true
                    },
                    "order": {
                      "type": "number",
                      "description_kind": "plain",
                      "optional": true
                    },
                    "type": {
                      "type": "string",
                      "description_kind": "plain",
                      "optional": true
                    },
                    "user": {
                      "type": "string",
                      "description_kind": "plain",
                      "optional": true
                    }
                  },
                  "block_types": {
                    "filter": {
                      "nesting_mode": "list",
                      "block": {
                        "attributes": {
                          "type": {
                            "type": "string",
                            "description_kind": "plain",
                            "required": true
                          }
                        },
                        "block_types": {
                          "conditions": {
                            "nesting_mode": "list",
                            "block": {
                              "attributes": {
                                "expected_value": {
                                  "type": "string",
                                  "description_kind": "plain",
                                  "optional": true
                                },
                                "field": {
                                  "type": "string",
                                  "description_kind": "plain",
                                  "required": true
                                },
                                "key": {
                                  "type": "string",
                                  "description_kind": "plain",
                                  "optional": true
                                },
                                "not": {
                                  "type": "bool",
                                  "description_kind": "plain",
                                  "optional": true
                                },
                                "operation": {
                                  "type": "string",
                                  "description_kind": "plain",
                                  "required": true
                                },
                                "order": {
                                  "type": "number",
                                  "description_kind": "plain",
                                  "optional": true
                                }
                              },
                              "description_kind": "plain"
                            }
                          }
                        },
                        "description_kind": "plain"
                      }
                    }
                  },
                  "description_kind": "plain"
                }
              },
              "create": {
                "nesting_mode": "list",
                "block": {
                  "attributes": {
                    "alert_actions": {
                      "type": ["list", "string"],
                      "description_kind": "plain",
                      "optional": true
                    },
                    "alias": {
                      "type": "string",
                      "description_kind": "plain",
                      "optional": true
                    },
                    "append_attachments": {
                      "type": "bool",
                      "description_kind": "plain",
                      "optional": true
                    },
                    "custom_priority": {
                      "type": "string",
                      "description_kind": "plain",
                      "optional": true
                    },
                    "description": {
                      "type": "string",
                      "description_kind": "plain",
                      "optional": true
                    },
                    "entity": {
                      "type": "string",
                      "description_kind": "plain",
                      "optional": true
                    },
                    "extra_properties": {
                      "type": ["map", "string"],
                      "description_kind": "plain",
                      "optional": true
                    },
                    "ignore_alert_actions_from_payload": {
                      "type": "bool",
                      "description_kind": "plain",
                      "optional": true
                    },
                    "ignore_extra_properties_from_payload": {
                      "type": "bool",
                      "description_kind": "plain",
                      "optional": true
                    },
                    "ignore_responders_from_payload": {
                      "type": "bool",
                      "description_kind": "plain",
                      "optional": true
                    },
                    "ignore_tags_from_payload": {
                      "type": "bool",
                      "description_kind": "plain",
                      "optional": true
                    },
                    "ignore_teams_from_payload": {
                      "type": "bool",
                      "description_kind": "plain",
                      "optional": true
                    },
                    "message": {
                      "type": "string",
                      "description_kind": "plain",
                      "optional": true
                    },
                    "name": {
                      "type": "string",
                      "description_kind": "plain",
                      "required": true
                    },
                    "note": {
                      "type": "string",
                      "description_kind": "plain",
                      "optional": true
                    },
                    "order": {
                      "type": "number",
                      "description_kind": "plain",
                      "optional": true
                    },
                    "priority": {
                      "type": "string",
                      "description_kind": "plain",
                      "optional": true
                    },
                    "source": {
                      "type": "string",
                      "description_kind": "plain",
                      "optional": true
                    },
                    "tags": {
                      "type": ["set", "string"],
                      "description_kind": "plain",
                      "optional": true
                    },
                    "type": {
                      "type": "string",
                      "description_kind": "plain",
                      "optional": true
                    },
                    "user": {
                      "type": "string",
                      "description_kind": "plain",
                      "optional": true
                    }
                  },
                  "block_types": {
                    "filter": {
                      "nesting_mode": "list",
                      "block": {
                        "attributes": {
                          "type": {
                            "type": "string",
                            "description_kind": "plain",
                            "required": true
                          }
                        },
                        "block_types": {
                          "conditions": {
                            "nesting_mode": "list",
                            "block": {
                              "attributes": {
                                "expected_value": {
                                  "type": "string",
                                  "description_kind": "plain",
                                  "optional": true
                                },
                                "field": {
                                  "type": "string",
                                  "description_kind": "plain",
                                  "required": true
                                },
                                "key": {
                                  "type": "string",
                                  "description_kind": "plain",
                                  "optional": true
                                },
                                "not": {
                                  "type": "bool",
                                  "description_kind": "plain",
                                  "optional": true
                                },
                                "operation": {
                                  "type": "string",
                                  "description_kind": "plain",
                                  "required": true
                                },
                                "order": {
                                  "type": "number",
                                  "description_kind": "plain",
                                  "optional": true
                                }
                              },
                              "description_kind": "plain"
                            }
                          }
                        },
                        "description_kind": "plain"
                      }
                    },
                    "responders": {
                      "nesting_mode": "list",
                      "block": {
                        "attributes": {
                          "id": {
                            "type": "string",
                            "description_kind": "plain",
                            "required": true
                          },
                          "type": {
                            "type": "string",
                            "description_kind": "plain",
                            "required": true
                          }
                        },
                        "description_kind": "plain"
                      }
                    }
                  },
                  "description_kind": "plain"
                }
              },
              "ignore": {
                "nesting_mode": "list",
                "block": {
                  "attributes": {
                    "name": {
                      "type": "string",
                      "description_kind": "plain",
                      "required": true
                    },
                    "order": {
                      "type": "number",
                      "description_kind": "plain",
                      "optional": true
                    },
                    "type": {
                      "type": "string",
                      "description_kind": "plain",
                      "optional": true
                    }
                  },
                  "block_types": {
                    "filter": {
                      "nesting_mode": "list",
                      "block": {
                        "attributes": {
                          "type": {
                            "type": "string",
                            "description_kind": "plain",
                            "required": true
                          }
                        },
                        "block_types": {
                          "conditions": {
                            "nesting_mode": "list",
                            "block": {
                              "attributes": {
                                "expected_value": {
                                  "type": "string",
                                  "description_kind": "plain",
                                  "optional": true
                                },
                                "field": {
                                  "type": "string",
                                  "description_kind": "plain",
                                  "required": true
                                },
                                "key": {
                                  "type": "string",
                                  "description_kind": "plain",
                                  "optional": true
                                },
                                "not": {
                                  "type": "bool",
                                  "description_kind": "plain",
                                  "optional": true
                                },
                                "operation": {
                                  "type": "string",
                                  "description_kind": "plain",
                                  "required": true
                                },
                                "order": {
                                  "type": "number",
                                  "description_kind": "plain",
                                  "optional": true
                                }
                              },
                              "description_kind": "plain"
                            }
                          }
                        },
                        "description_kind": "plain"
                      }
                    }
                  },
                  "description_kind": "plain"
                }
              }
            },
            "description_kind": "plain"
          }
        },
        "opsgenie_maintenance": {
          "version": 0,
          "block": {
            "attributes": {
              "description": {
                "type": "string",
                "description_kind": "plain",
                "required": true
              },
              "id": {
                "type": "string",
                "description_kind": "plain",
                "optional": true,
                "computed": true
              }
            },
            "block_types": {
              "rules": {
                "nesting_mode": "list",
                "block": {
                  "attributes": {
                    "state": {
                      "type": "string",
                      "description_kind": "plain",
                      "optional": true
                    }
                  },
                  "block_types": {
                    "entity": {
                      "nesting_mode": "list",
                      "block": {
                        "attributes": {
                          "id": {
                            "type": "string",
                            "description_kind": "plain",
                            "optional": true
                          },
                          "type": {
                            "type": "string",
                            "description_kind": "plain",
                            "optional": true
                          }
                        },
                        "description_kind": "plain"
                      },
                      "min_items": 1
                    }
                  },
                  "description_kind": "plain"
                },
                "min_items": 1
              },
              "time": {
                "nesting_mode": "list",
                "block": {
                  "attributes": {
                    "end_date": {
                      "type": "string",
                      "description_kind": "plain",
                      "optional": true
                    },
                    "start_date": {
                      "type": "string",
                      "description_kind": "plain",
                      "optional": true
                    },
                    "type": {
                      "type": "string",
                      "description_kind": "plain",
                      "required": true
                    }
                  },
                  "description_kind": "plain"
                }
              }
            },
            "description_kind": "plain"
          }
        },
        "opsgenie_notification_policy": {
          "version": 0,
          "block": {
            "attributes": {
              "enabled": {
                "type": "bool",
                "description_kind": "plain",
                "optional": true
              },
              "id": {
                "type": "string",
                "description_kind": "plain",
                "optional": true,
                "computed": true
              },
              "name": {
                "type": "string",
                "description_kind": "plain",
                "required": true
              },
              "policy_description": {
                "type": "string",
                "description_kind": "plain",
                "optional": true
              },
              "suppress": {
                "type": "bool",
                "description_kind": "plain",
                "optional": true
              },
              "team_id": {
                "type": "string",
                "description_kind": "plain",
                "required": true
              }
            },
            "block_types": {
              "auto_close_action": {
                "nesting_mode": "list",
                "block": {
                  "block_types": {
                    "duration": {
                      "nesting_mode": "list",
                      "block": {
                        "attributes": {
                          "time_amount": {
                            "type": "number",
                            "description_kind": "plain",
                            "required": true
                          },
                          "time_unit": {
                            "type": "string",
                            "description_kind": "plain",
                            "optional": true
                          }
                        },
                        "description_kind": "plain"
                      },
                      "min_items": 1
                    }
                  },
                  "description_kind": "plain"
                }
              },
              "auto_restart_action": {
                "nesting_mode": "list",
                "block": {
                  "attributes": {
                    "max_repeat_count": {
                      "type": "number",
                      "description_kind": "plain",
                      "required": true
                    }
                  },
                  "block_types": {
                    "duration": {
                      "nesting_mode": "list",
                      "block": {
                        "attributes": {
                          "time_amount": {
                            "type": "number",
                            "description_kind": "plain",
                            "required": true
                          },
                          "time_unit": {
                            "type": "string",
                            "description_kind": "plain",
                            "optional": true
                          }
                        },
                        "description_kind": "plain"
                      },
                      "min_items": 1
                    }
                  },
                  "description_kind": "plain"
                }
              },
              "de_duplication_action": {
                "nesting_mode": "list",
                "block": {
                  "attributes": {
                    "count": {
                      "type": "number",
                      "description_kind": "plain",
                      "required": true
                    },
                    "de_duplication_action_type": {
                      "type": "string",
                      "description_kind": "plain",
                      "required": true
                    }
                  },
                  "block_types": {
                    "duration": {
                      "nesting_mode": "list",
                      "block": {
                        "attributes": {
                          "time_amount": {
                            "type": "number",
                            "description_kind": "plain",
                            "required": true
                          },
                          "time_unit": {
                            "type": "string",
                            "description_kind": "plain",
                            "optional": true
                          }
                        },
                        "description_kind": "plain"
                      }
                    }
                  },
                  "description_kind": "plain"
                }
              },
              "delay_action": {
                "nesting_mode": "list",
                "block": {
                  "attributes": {
                    "delay_option": {
                      "type": "string",
                      "description_kind": "plain",
                      "required": true
                    },
                    "until_hour": {
                      "type": "number",
                      "description_kind": "plain",
                      "optional": true
                    },
                    "until_minute": {
                      "type": "number",
                      "description_kind": "plain",
                      "optional": true
                    }
                  },
                  "block_types": {
                    "duration": {
                      "nesting_mode": "list",
                      "block": {
                        "attributes": {
                          "time_amount": {
                            "type": "number",
                            "description_kind": "plain",
                            "required": true
                          },
                          "time_unit": {
                            "type": "string",
                            "description_kind": "plain",
                            "optional": true
                          }
                        },
                        "description_kind": "plain"
                      }
                    }
                  },
                  "description_kind": "plain"
                }
              },
              "filter": {
                "nesting_mode": "list",
                "block": {
                  "attributes": {
                    "type": {
                      "type": "string",
                      "description_kind": "plain",
                      "optional": true
                    }
                  },
                  "block_types": {
                    "conditions": {
                      "nesting_mode": "list",
                      "block": {
                        "attributes": {
                          "expected_value": {
                            "type": "string",
                            "description": "User defined value that will be compared with alert field according to the operation. Default value is empty string",
                            "description_kind": "plain",
                            "optional": true
                          },
                          "field": {
                            "type": "string",
                            "description_kind": "plain",
                            "required": true
                          },
                          "key": {
                            "type": "string",
                            "description": "If 'field' is set as 'extra-properties', key could be used for key-value pair",
                            "description_kind": "plain",
                            "optional": true
                          },
                          "not": {
                            "type": "bool",
                            "description": "Indicates behaviour of the given operation. Default value is false",
                            "description_kind": "plain",
                            "optional": true
                          },
                          "operation": {
                            "type": "string",
                            "description_kind": "plain",
                            "required": true
                          },
                          "order": {
                            "type": "number",
                            "description": "Order of the condition in conditions list",
                            "description_kind": "plain",
                            "optional": true
                          }
                        },
                        "description_kind": "plain"
                      }
                    }
                  },
                  "description_kind": "plain"
                },
                "min_items": 1
              },
              "time_restriction": {
                "nesting_mode": "list",
                "block": {
                  "attributes": {
                    "type": {
                      "type": "string",
                      "description_kind": "plain",
                      "required": true
                    }
                  },
                  "block_types": {
                    "restriction": {
                      "nesting_mode": "list",
                      "block": {
                        "attributes": {
                          "end_hour": {
                            "type": "number",
                            "description_kind": "plain",
                            "required": true
                          },
                          "end_min": {
                            "type": "number",
                            "description_kind": "plain",
                            "required": true
                          },
                          "start_hour": {
                            "type": "number",
                            "description_kind": "plain",
                            "required": true
                          },
                          "start_min": {
                            "type": "number",
                            "description_kind": "plain",
                            "required": true
                          }
                        },
                        "description_kind": "plain"
                      }
                    },
                    "restrictions": {
                      "nesting_mode": "list",
                      "block": {
                        "attributes": {
                          "end_day": {
                            "type": "string",
                            "description_kind": "plain",
                            "required": true
                          },
                          "end_hour": {
                            "type": "number",
                            "description_kind": "plain",
                            "required": true
                          },
                          "end_min": {
                            "type": "number",
                            "description_kind": "plain",
                            "required": true
                          },
                          "start_day": {
                            "type": "string",
                            "description_kind": "plain",
                            "required": true
                          },
                          "start_hour": {
                            "type": "number",
                            "description_kind": "plain",
                            "required": true
                          },
                          "start_min": {
                            "type": "number",
                            "description_kind": "plain",
                            "required": true
                          }
                        },
                        "description_kind": "plain"
                      }
                    }
                  },
                  "description_kind": "plain"
                }
              }
            },
            "description_kind": "plain"
          }
        },
        "opsgenie_notification_rule": {
          "version": 0,
          "block": {
            "attributes": {
              "action_type": {
                "type": "string",
                "description_kind": "plain",
                "required": true
              },
              "enabled": {
                "type": "bool",
                "description_kind": "plain",
                "optional": true
              },
              "id": {
                "type": "string",
                "description_kind": "plain",
                "optional": true,
                "computed": true
              },
              "name": {
                "type": "string",
                "description_kind": "plain",
                "required": true
              },
              "notification_time": {
                "type": ["set", "string"],
                "description_kind": "plain",
                "optional": true
              },
              "order": {
                "type": "number",
                "description_kind": "plain",
                "optional": true,
                "computed": true
              },
              "username": {
                "type": "string",
                "description_kind": "plain",
                "required": true
              }
            },
            "block_types": {
              "criteria": {
                "nesting_mode": "list",
                "block": {
                  "attributes": {
                    "type": {
                      "type": "string",
                      "description_kind": "plain",
                      "required": true
                    }
                  },
                  "block_types": {
                    "conditions": {
                      "nesting_mode": "list",
                      "block": {
                        "attributes": {
                          "expected_value": {
                            "type": "string",
                            "description_kind": "plain",
                            "optional": true
                          },
                          "field": {
                            "type": "string",
                            "description_kind": "plain",
                            "required": true
                          },
                          "key": {
                            "type": "string",
                            "description_kind": "plain",
                            "optional": true
                          },
                          "not": {
                            "type": "bool",
                            "description_kind": "plain",
                            "optional": true
                          },
                          "operation": {
                            "type": "string",
                            "description_kind": "plain",
                            "required": true
                          },
                          "order": {
                            "type": "number",
                            "description_kind": "plain",
                            "optional": true
                          }
                        },
                        "description_kind": "plain"
                      }
                    }
                  },
                  "description_kind": "plain"
                }
              },
              "repeat": {
                "nesting_mode": "list",
                "block": {
                  "attributes": {
                    "enabled": {
                      "type": "bool",
                      "description_kind": "plain",
                      "optional": true
                    },
                    "loop_after": {
                      "type": "number",
                      "description_kind": "plain",
                      "required": true
                    }
                  },
                  "description_kind": "plain"
                }
              },
              "schedules": {
                "nesting_mode": "list",
                "block": {
                  "attributes": {
                    "name": {
                      "type": "string",
                      "description_kind": "plain",
                      "required": true
                    },
                    "type": {
                      "type": "string",
                      "description_kind": "plain",
                      "required": true
                    }
                  },
                  "description_kind": "plain"
                }
              },
              "steps": {
                "nesting_mode": "list",
                "block": {
                  "attributes": {
                    "enabled": {
                      "type": "bool",
                      "description_kind": "plain",
                      "optional": true
                    },
                    "send_after": {
                      "type": "number",
                      "description_kind": "plain",
                      "optional": true
                    }
                  },
                  "block_types": {
                    "contact": {
                      "nesting_mode": "list",
                      "block": {
                        "attributes": {
                          "method": {
                            "type": "string",
                            "description_kind": "plain",
                            "required": true
                          },
                          "to": {
                            "type": "string",
                            "description_kind": "plain",
                            "required": true
                          }
                        },
                        "description_kind": "plain"
                      },
                      "min_items": 1
                    }
                  },
                  "description_kind": "plain"
                }
              },
              "time_restriction": {
                "nesting_mode": "list",
                "block": {
                  "attributes": {
                    "type": {
                      "type": "string",
                      "description_kind": "plain",
                      "required": true
                    }
                  },
                  "block_types": {
                    "restriction": {
                      "nesting_mode": "list",
                      "block": {
                        "attributes": {
                          "end_hour": {
                            "type": "number",
                            "description_kind": "plain",
                            "required": true
                          },
                          "end_min": {
                            "type": "number",
                            "description_kind": "plain",
                            "required": true
                          },
                          "start_hour": {
                            "type": "number",
                            "description_kind": "plain",
                            "required": true
                          },
                          "start_min": {
                            "type": "number",
                            "description_kind": "plain",
                            "required": true
                          }
                        },
                        "description_kind": "plain"
                      }
                    },
                    "restrictions": {
                      "nesting_mode": "list",
                      "block": {
                        "attributes": {
                          "end_day": {
                            "type": "string",
                            "description_kind": "plain",
                            "required": true
                          },
                          "end_hour": {
                            "type": "number",
                            "description_kind": "plain",
                            "required": true
                          },
                          "end_min": {
                            "type": "number",
                            "description_kind": "plain",
                            "required": true
                          },
                          "start_day": {
                            "type": "string",
                            "description_kind": "plain",
                            "required": true
                          },
                          "start_hour": {
                            "type": "number",
                            "description_kind": "plain",
                            "required": true
                          },
                          "start_min": {
                            "type": "number",
                            "description_kind": "plain",
                            "required": true
                          }
                        },
                        "description_kind": "plain"
                      }
                    }
                  },
                  "description_kind": "plain"
                }
              }
            },
            "description_kind": "plain"
          }
        },
        "opsgenie_schedule": {
          "version": 0,
          "block": {
            "attributes": {
              "description": {
                "type": "string",
                "description_kind": "plain",
                "optional": true
              },
              "enabled": {
                "type": "bool",
                "description_kind": "plain",
                "optional": true
              },
              "id": {
                "type": "string",
                "description_kind": "plain",
                "optional": true,
                "computed": true
              },
              "name": {
                "type": "string",
                "description_kind": "plain",
                "required": true
              },
              "owner_team_id": {
                "type": "string",
                "description_kind": "plain",
                "optional": true
              },
              "timezone": {
                "type": "string",
                "description_kind": "plain",
                "optional": true
              }
            },
            "description_kind": "plain"
          }
        },
        "opsgenie_schedule_rotation": {
          "version": 0,
          "block": {
            "attributes": {
              "end_date": {
                "type": "string",
                "description_kind": "plain",
                "optional": true
              },
              "id": {
                "type": "string",
                "description_kind": "plain",
                "optional": true,
                "computed": true
              },
              "length": {
                "type": "number",
                "description_kind": "plain",
                "optional": true
              },
              "name": {
                "type": "string",
                "description_kind": "plain",
                "optional": true
              },
              "schedule_id": {
                "type": "string",
                "description_kind": "plain",
                "required": true
              },
              "start_date": {
                "type": "string",
                "description_kind": "plain",
                "required": true
              },
              "type": {
                "type": "string",
                "description_kind": "plain",
                "required": true
              }
            },
            "block_types": {
              "participant": {
                "nesting_mode": "list",
                "block": {
                  "attributes": {
                    "id": {
                      "type": "string",
                      "description_kind": "plain",
                      "optional": true
                    },
                    "type": {
                      "type": "string",
                      "description_kind": "plain",
                      "required": true
                    }
                  },
                  "description_kind": "plain"
                },
                "min_items": 1
              },
              "time_restriction": {
                "nesting_mode": "list",
                "block": {
                  "attributes": {
                    "type": {
                      "type": "string",
                      "description_kind": "plain",
                      "required": true
                    }
                  },
                  "block_types": {
                    "restriction": {
                      "nesting_mode": "list",
                      "block": {
                        "attributes": {
                          "end_hour": {
                            "type": "number",
                            "description_kind": "plain",
                            "required": true
                          },
                          "end_min": {
                            "type": "number",
                            "description_kind": "plain",
                            "required": true
                          },
                          "start_hour": {
                            "type": "number",
                            "description_kind": "plain",
                            "required": true
                          },
                          "start_min": {
                            "type": "number",
                            "description_kind": "plain",
                            "required": true
                          }
                        },
                        "description_kind": "plain"
                      }
                    },
                    "restrictions": {
                      "nesting_mode": "list",
                      "block": {
                        "attributes": {
                          "end_day": {
                            "type": "string",
                            "description_kind": "plain",
                            "required": true
                          },
                          "end_hour": {
                            "type": "number",
                            "description_kind": "plain",
                            "required": true
                          },
                          "end_min": {
                            "type": "number",
                            "description_kind": "plain",
                            "required": true
                          },
                          "start_day": {
                            "type": "string",
                            "description_kind": "plain",
                            "required": true
                          },
                          "start_hour": {
                            "type": "number",
                            "description_kind": "plain",
                            "required": true
                          },
                          "start_min": {
                            "type": "number",
                            "description_kind": "plain",
                            "required": true
                          }
                        },
                        "description_kind": "plain"
                      }
                    }
                  },
                  "description_kind": "plain"
                }
              }
            },
            "description_kind": "plain"
          }
        },
        "opsgenie_service": {
          "version": 0,
          "block": {
            "attributes": {
              "description": {
                "type": "string",
                "description_kind": "plain",
                "optional": true
              },
              "id": {
                "type": "string",
                "description_kind": "plain",
                "optional": true,
                "computed": true
              },
              "name": {
                "type": "string",
                "description_kind": "plain",
                "required": true
              },
              "team_id": {
                "type": "string",
                "description_kind": "plain",
                "required": true
              }
            },
            "description_kind": "plain"
          }
        },
        "opsgenie_service_incident_rule": {
          "version": 0,
          "block": {
            "attributes": {
              "id": {
                "type": "string",
                "description_kind": "plain",
                "optional": true,
                "computed": true
              },
              "service_id": {
                "type": "string",
                "description_kind": "plain",
                "required": true
              }
            },
            "block_types": {
              "incident_rule": {
                "nesting_mode": "list",
                "block": {
                  "attributes": {
                    "condition_match_type": {
                      "type": "string",
                      "description_kind": "plain",
                      "optional": true
                    }
                  },
                  "block_types": {
                    "conditions": {
                      "nesting_mode": "list",
                      "block": {
                        "attributes": {
                          "expected_value": {
                            "type": "string",
                            "description": "User defined value that will be compared with alert field according to the operation. Default value is empty string",
                            "description_kind": "plain",
                            "optional": true
                          },
                          "field": {
                            "type": "string",
                            "description_kind": "plain",
                            "required": true
                          },
                          "key": {
                            "type": "string",
                            "description": "If 'field' is set as 'extra-properties', key could be used for key-value pair",
                            "description_kind": "plain",
                            "optional": true
                          },
                          "not": {
                            "type": "bool",
                            "description": "Indicates behaviour of the given operation. Default value is false",
                            "description_kind": "plain",
                            "optional": true
                          },
                          "operation": {
                            "type": "string",
                            "description_kind": "plain",
                            "required": true
                          }
                        },
                        "description_kind": "plain"
                      }
                    },
                    "incident_properties": {
                      "nesting_mode": "list",
                      "block": {
                        "attributes": {
                          "description": {
                            "type": "string",
                            "description_kind": "plain",
                            "optional": true
                          },
                          "details": {
                            "type": ["map", "string"],
                            "description_kind": "plain",
                            "optional": true
                          },
                          "message": {
                            "type": "string",
                            "description_kind": "plain",
                            "required": true
                          },
                          "priority": {
                            "type": "string",
                            "description_kind": "plain",
                            "required": true
                          },
                          "tags": {
                            "type": ["set", "string"],
                            "description_kind": "plain",
                            "optional": true
                          }
                        },
                        "block_types": {
                          "stakeholder_properties": {
                            "nesting_mode": "list",
                            "block": {
                              "attributes": {
                                "description": {
                                  "type": "string",
                                  "description_kind": "plain",
                                  "optional": true
                                },
                                "enable": {
                                  "type": "bool",
                                  "description_kind": "plain",
                                  "optional": true
                                },
                                "message": {
                                  "type": "string",
                                  "description_kind": "plain",
                                  "required": true
                                }
                              },
                              "description_kind": "plain"
                            },
                            "min_items": 1
                          }
                        },
                        "description_kind": "plain"
                      },
                      "min_items": 1
                    }
                  },
                  "description_kind": "plain"
                },
                "min_items": 1
              }
            },
            "description_kind": "plain"
          }
        },
        "opsgenie_team": {
          "version": 0,
          "block": {
            "attributes": {
              "delete_default_resources": {
                "type": "bool",
                "description_kind": "plain",
                "optional": true
              },
              "description": {
                "type": "string",
                "description_kind": "plain",
                "optional": true
              },
              "id": {
                "type": "string",
                "description_kind": "plain",
                "optional": true,
                "computed": true
              },
              "ignore_members": {
                "type": "bool",
                "description_kind": "plain",
                "optional": true
              },
              "name": {
                "type": "string",
                "description_kind": "plain",
                "required": true
              }
            },
            "block_types": {
              "member": {
                "nesting_mode": "set",
                "block": {
                  "attributes": {
                    "id": {
                      "type": "string",
                      "description_kind": "plain",
                      "required": true
                    },
                    "role": {
                      "type": "string",
                      "description_kind": "plain",
                      "optional": true
                    }
                  },
                  "description_kind": "plain"
                }
              }
            },
            "description_kind": "plain"
          }
        },
        "opsgenie_team_routing_rule": {
          "version": 0,
          "block": {
            "attributes": {
              "id": {
                "type": "string",
                "description_kind": "plain",
                "optional": true,
                "computed": true
              },
              "is_default": {
                "type": "bool",
                "description_kind": "plain",
                "optional": true
              },
              "name": {
                "type": "string",
                "description_kind": "plain",
                "optional": true
              },
              "order": {
                "type": "number",
                "description_kind": "plain",
                "optional": true
              },
              "team_id": {
                "type": "string",
                "description_kind": "plain",
                "required": true
              },
              "timezone": {
                "type": "string",
                "description_kind": "plain",
                "optional": true
              }
            },
            "block_types": {
              "criteria": {
                "nesting_mode": "list",
                "block": {
                  "attributes": {
                    "type": {
                      "type": "string",
                      "description_kind": "plain",
                      "required": true
                    }
                  },
                  "block_types": {
                    "conditions": {
                      "nesting_mode": "list",
                      "block": {
                        "attributes": {
                          "expected_value": {
                            "type": "string",
                            "description_kind": "plain",
                            "optional": true
                          },
                          "field": {
                            "type": "string",
                            "description_kind": "plain",
                            "required": true
                          },
                          "key": {
                            "type": "string",
                            "description_kind": "plain",
                            "optional": true
                          },
                          "not": {
                            "type": "bool",
                            "description_kind": "plain",
                            "optional": true
                          },
                          "operation": {
                            "type": "string",
                            "description_kind": "plain",
                            "required": true
                          },
                          "order": {
                            "type": "number",
                            "description_kind": "plain",
                            "optional": true
                          }
                        },
                        "description_kind": "plain"
                      }
                    }
                  },
                  "description_kind": "plain"
                }
              },
              "notify": {
                "nesting_mode": "list",
                "block": {
                  "attributes": {
                    "id": {
                      "type": "string",
                      "description_kind": "plain",
                      "optional": true,
                      "computed": true
                    },
                    "name": {
                      "type": "string",
                      "description_kind": "plain",
                      "optional": true,
                      "computed": true
                    },
                    "type": {
                      "type": "string",
                      "description_kind": "plain",
                      "required": true
                    }
                  },
                  "description_kind": "plain"
                },
                "min_items": 1
              },
              "time_restriction": {
                "nesting_mode": "list",
                "block": {
                  "attributes": {
                    "type": {
                      "type": "string",
                      "description_kind": "plain",
                      "required": true
                    }
                  },
                  "block_types": {
                    "restriction": {
                      "nesting_mode": "list",
                      "block": {
                        "attributes": {
                          "end_hour": {
                            "type": "number",
                            "description_kind": "plain",
                            "required": true
                          },
                          "end_min": {
                            "type": "number",
                            "description_kind": "plain",
                            "required": true
                          },
                          "start_hour": {
                            "type": "number",
                            "description_kind": "plain",
                            "required": true
                          },
                          "start_min": {
                            "type": "number",
                            "description_kind": "plain",
                            "required": true
                          }
                        },
                        "description_kind": "plain"
                      }
                    },
                    "restrictions": {
                      "nesting_mode": "list",
                      "block": {
                        "attributes": {
                          "end_day": {
                            "type": "string",
                            "description_kind": "plain",
                            "required": true
                          },
                          "end_hour": {
                            "type": "number",
                            "description_kind": "plain",
                            "required": true
                          },
                          "end_min": {
                            "type": "number",
                            "description_kind": "plain",
                            "required": true
                          },
                          "start_day": {
                            "type": "string",
                            "description_kind": "plain",
                            "required": true
                          },
                          "start_hour": {
                            "type": "number",
                            "description_kind": "plain",
                            "required": true
                          },
                          "start_min": {
                            "type": "number",
                            "description_kind": "plain",
                            "required": true
                          }
                        },
                        "description_kind": "plain"
                      }
                    }
                  },
                  "description_kind": "plain"
                }
              }
            },
            "description_kind": "plain"
          }
        },
        "opsgenie_user": {
          "version": 0,
          "block": {
            "attributes": {
              "full_name": {
                "type": "string",
                "description_kind": "plain",
                "required": true
              },
              "id": {
                "type": "string",
                "description_kind": "plain",
                "optional": true,
                "computed": true
              },
              "locale": {
                "type": "string",
                "description_kind": "plain",
                "optional": true
              },
              "role": {
                "type": "string",
                "description_kind": "plain",
                "required": true
              },
              "skype_username": {
                "type": "string",
                "description_kind": "plain",
                "optional": true
              },
              "tags": {
                "type": ["set", "string"],
                "description_kind": "plain",
                "optional": true
              },
              "timezone": {
                "type": "string",
                "description_kind": "plain",
                "optional": true
              },
              "user_details": {
                "type": ["map", "string"],
                "description_kind": "plain",
                "optional": true
              },
              "username": {
                "type": "string",
                "description_kind": "plain",
                "required": true
              }
            },
            "block_types": {
              "user_address": {
                "nesting_mode": "list",
                "block": {
                  "attributes": {
                    "city": {
                      "type": "string",
                      "description_kind": "plain",
                      "required": true
                    },
                    "country": {
                      "type": "string",
                      "description_kind": "plain",
                      "required": true
                    },
                    "line": {
                      "type": "string",
                      "description_kind": "plain",
                      "required": true
                    },
                    "state": {
                      "type": "string",
                      "description_kind": "plain",
                      "required": true
                    },
                    "zipcode": {
                      "type": "string",
                      "description_kind": "plain",
                      "required": true
                    }
                  },
                  "description_kind": "plain"
                }
              }
            },
            "description_kind": "plain"
          }
        },
        "opsgenie_user_contact": {
          "version": 0,
          "block": {
            "attributes": {
              "enabled": {
                "type": "bool",
                "description_kind": "plain",
                "optional": true
              },
              "id": {
                "type": "string",
                "description_kind": "plain",
                "optional": true,
                "computed": true
              },
              "method": {
                "type": "string",
                "description_kind": "plain",
                "required": true
              },
              "to": {
                "type": "string",
                "description_kind": "plain",
                "required": true
              },
              "username": {
                "type": "string",
                "description_kind": "plain",
                "required": true
              }
            },
            "description_kind": "plain"
          }
        }
      },
      "data_source_schemas": {
        "opsgenie_escalation": {
          "version": 0,
          "block": {
            "attributes": {
              "description": {
                "type": "string",
                "description_kind": "plain",
                "optional": true
              },
              "id": {
                "type": "string",
                "description_kind": "plain",
                "optional": true,
                "computed": true
              },
              "name": {
                "type": "string",
                "description_kind": "plain",
                "required": true
              },
              "owner_team_id": {
                "type": "string",
                "description_kind": "plain",
                "optional": true
              }
            },
            "block_types": {
              "repeat": {
                "nesting_mode": "list",
                "block": {
                  "attributes": {
                    "close_alert_after_all": {
                      "type": "bool",
                      "description_kind": "plain",
                      "optional": true
                    },
                    "count": {
                      "type": "number",
                      "description_kind": "plain",
                      "optional": true
                    },
                    "reset_recipient_states": {
                      "type": "bool",
                      "description_kind": "plain",
                      "optional": true
                    },
                    "wait_interval": {
                      "type": "number",
                      "description_kind": "plain",
                      "optional": true
                    }
                  },
                  "description_kind": "plain"
                }
              },
              "rules": {
                "nesting_mode": "list",
                "block": {
                  "attributes": {
                    "condition": {
                      "type": "string",
                      "description_kind": "plain",
                      "required": true
                    },
                    "delay": {
                      "type": "number",
                      "description_kind": "plain",
                      "required": true
                    },
                    "notify_type": {
                      "type": "string",
                      "description_kind": "plain",
                      "required": true
                    }
                  },
                  "block_types": {
                    "recipient": {
                      "nesting_mode": "list",
                      "block": {
                        "attributes": {
                          "id": {
                            "type": "string",
                            "description_kind": "plain",
                            "optional": true
                          },
                          "type": {
                            "type": "string",
                            "description_kind": "plain",
                            "optional": true
                          }
                        },
                        "description_kind": "plain"
                      },
                      "min_items": 1
                    }
                  },
                  "description_kind": "plain"
                }
              }
            },
            "description_kind": "plain"
          }
        },
        "opsgenie_heartbeat": {
          "version": 0,
          "block": {
            "attributes": {
              "alert_message": {
                "type": "string",
                "description_kind": "plain",
                "optional": true
              },
              "alert_priority": {
                "type": "string",
                "description_kind": "plain",
                "optional": true
              },
              "alert_tags": {
                "type": ["set", "string"],
                "description_kind": "plain",
                "optional": true
              },
              "description": {
                "type": "string",
                "description_kind": "plain",
                "optional": true
              },
              "enabled": {
                "type": "bool",
                "description_kind": "plain",
                "optional": true
              },
              "id": {
                "type": "string",
                "description_kind": "plain",
                "optional": true,
                "computed": true
              },
              "interval": {
                "type": "number",
                "description_kind": "plain",
                "optional": true
              },
              "interval_unit": {
                "type": "string",
                "description_kind": "plain",
                "optional": true
              },
              "name": {
                "type": "string",
                "description_kind": "plain",
                "required": true
              },
              "owner_team_id": {
                "type": "string",
                "description_kind": "plain",
                "optional": true
              }
            },
            "description_kind": "plain"
          }
        },
        "opsgenie_schedule": {
          "version": 0,
          "block": {
            "attributes": {
              "description": {
                "type": "string",
                "description_kind": "plain",
                "optional": true
              },
              "enabled": {
                "type": "bool",
                "description_kind": "plain",
                "optional": true
              },
              "id": {
                "type": "string",
                "description_kind": "plain",
                "optional": true,
                "computed": true
              },
              "name": {
                "type": "string",
                "description_kind": "plain",
                "required": true
              },
              "owner_team_id": {
                "type": "string",
                "description_kind": "plain",
                "optional": true
              },
              "timezone": {
                "type": "string",
                "description_kind": "plain",
                "optional": true
              }
            },
            "description_kind": "plain"
          }
        },
        "opsgenie_service": {
          "version": 0,
          "block": {
            "attributes": {
              "description": {
                "type": "string",
                "description_kind": "plain",
                "optional": true
              },
              "id": {
                "type": "string",
                "description_kind": "plain",
                "optional": true,
                "computed": true
              },
              "name": {
                "type": "string",
                "description_kind": "plain",
                "required": true
              },
              "team_id": {
                "type": "string",
                "description_kind": "plain",
                "optional": true
              }
            },
            "description_kind": "plain"
          }
        },
        "opsgenie_team": {
          "version": 0,
          "block": {
            "attributes": {
              "description": {
                "type": "string",
                "description_kind": "plain",
                "optional": true
              },
              "id": {
                "type": "string",
                "description_kind": "plain",
                "optional": true,
                "computed": true
              },
              "name": {
                "type": "string",
                "description_kind": "plain",
                "required": true
              }
            },
            "block_types": {
              "member": {
                "nesting_mode": "list",
                "block": {
                  "attributes": {
                    "id": {
                      "type": "string",
                      "description_kind": "plain",
                      "optional": true
                    },
                    "role": {
                      "type": "string",
                      "description_kind": "plain",
                      "optional": true
                    }
                  },
                  "description_kind": "plain"
                }
              }
            },
            "description_kind": "plain"
          }
        },
        "opsgenie_user": {
          "version": 0,
          "block": {
            "attributes": {
              "full_name": {
                "type": "string",
                "description_kind": "plain",
                "optional": true
              },
              "id": {
                "type": "string",
                "description_kind": "plain",
                "optional": true,
                "computed": true
              },
              "locale": {
                "type": "string",
                "description_kind": "plain",
                "optional": true
              },
              "role": {
                "type": "string",
                "description_kind": "plain",
                "optional": true
              },
              "timezone": {
                "type": "string",
                "description_kind": "plain",
                "optional": true
              },
              "username": {
                "type": "string",
                "description_kind": "plain",
                "required": true
              }
            },
            "description_kind": "plain"
          }
        }
      }
    }
  }
}
